<?xml version="1.0" encoding="utf-8"?>
<Project ToolsVersion="4.0" xmlns="http://schemas.microsoft.com/developer/msbuild/2003">
  <ItemGroup>
    <Filter Include="源文件">
      <UniqueIdentifier>{4FC737F1-C7A5-4376-A066-2A32D752A2FF}</UniqueIdentifier>
      <Extensions>cpp;c;cc;cxx;c++;cppm;ixx;def;odl;idl;hpj;bat;asm;asmx</Extensions>
    </Filter>
    <Filter Include="头文件">
      <UniqueIdentifier>{93995380-89BD-4b04-88EB-625FBE52EBFB}</UniqueIdentifier>
      <Extensions>h;hh;hpp;hxx;h++;hm;inl;inc;ipp;xsd</Extensions>
    </Filter>
    <Filter Include="资源文件">
      <UniqueIdentifier>{67DA6AB6-F800-4c08-8B7A-83BB121AAD01}</UniqueIdentifier>
      <Extensions>rc;ico;cur;bmp;dlg;rc2;rct;bin;rgs;gif;jpg;jpeg;jpe;resx;tiff;tif;png;wav;mfcribbon-ms</Extensions>
    </Filter>
    <Filter Include="源文件\GUI">
      <UniqueIdentifier>{b6729e9d-38fa-4222-a879-e184d8327093}</UniqueIdentifier>
    </Filter>
    <Filter Include="头文件\render">
      <UniqueIdentifier>{2b6d33a0-208f-486a-8c8c-71f4db233731}</UniqueIdentifier>
    </Filter>
    <Filter Include="源文件\render">
      <UniqueIdentifier>{3356cae1-7160-4775-95c0-dc24cbbba0e4}</UniqueIdentifier>
    </Filter>
    <Filter Include="头文件\engine">
      <UniqueIdentifier>{a5715799-3916-47d9-8a8e-835529949311}</UniqueIdentifier>
    </Filter>
    <Filter Include="源文件\engine">
      <UniqueIdentifier>{7c39ee6b-0bcc-46e3-9460-9d7d95d3ecc6}</UniqueIdentifier>
    </Filter>
    <Filter Include="头文件\engine\light">
      <UniqueIdentifier>{eae80213-dea7-4bcb-a82e-e366d50195e2}</UniqueIdentifier>
    </Filter>
    <Filter Include="源文件\engine\light">
      <UniqueIdentifier>{5f73b1b1-a513-4d8a-9ff9-fd6de97c796c}</UniqueIdentifier>
    </Filter>
    <Filter Include="头文件\math">
      <UniqueIdentifier>{577eae13-e0c9-49c7-9c5b-8745774f382e}</UniqueIdentifier>
    </Filter>
    <Filter Include="imgui">
      <UniqueIdentifier>{a92d0f47-ce15-4730-8172-9afafa9db6fd}</UniqueIdentifier>
    </Filter>
  </ItemGroup>
  <ItemGroup>
    <ClCompile Include="main.cpp">
      <Filter>源文件</Filter>
    </ClCompile>
    <ClCompile Include="glad.c">
      <Filter>源文件</Filter>
    </ClCompile>
    <ClCompile Include="render\shader.cpp">
      <Filter>源文件\render</Filter>
    </ClCompile>
    <ClCompile Include="render\graph.cpp">
      <Filter>源文件\render</Filter>
    </ClCompile>
    <ClCompile Include="render\texture.cpp">
      <Filter>源文件\render</Filter>
    </ClCompile>
    <ClCompile Include="render\transform.cpp">
      <Filter>源文件\render</Filter>
    </ClCompile>
    <ClCompile Include="render\camera.cpp">
      <Filter>源文件\render</Filter>
    </ClCompile>
    <ClCompile Include="imgui\imgui.cpp">
      <Filter>imgui</Filter>
    </ClCompile>
    <ClCompile Include="imgui\imgui_demo.cpp">
      <Filter>imgui</Filter>
    </ClCompile>
    <ClCompile Include="imgui\imgui_draw.cpp">
      <Filter>imgui</Filter>
    </ClCompile>
    <ClCompile Include="imgui\imgui_impl_glfw.cpp">
      <Filter>imgui</Filter>
    </ClCompile>
    <ClCompile Include="imgui\imgui_impl_opengl3.cpp">
      <Filter>imgui</Filter>
    </ClCompile>
    <ClCompile Include="imgui\imgui_widgets.cpp">
      <Filter>imgui</Filter>
    </ClCompile>
    <ClCompile Include="render\scene.cpp">
      <Filter>源文件\render</Filter>
    </ClCompile>
    <ClCompile Include="render\mesh.cpp">
      <Filter>源文件\render</Filter>
    </ClCompile>
  </ItemGroup>
  <ItemGroup>
    <ClInclude Include="render\shader.h">
      <Filter>头文件\render</Filter>
    </ClInclude>
    <ClInclude Include="render\graph.h">
      <Filter>头文件\render</Filter>
    </ClInclude>
    <ClInclude Include="render\texture.h">
      <Filter>头文件\render</Filter>
    </ClInclude>
    <ClInclude Include="render\transform.h">
      <Filter>头文件\render</Filter>
    </ClInclude>
    <ClInclude Include="render\camera.h">
      <Filter>头文件\render</Filter>
    </ClInclude>
    <ClInclude Include="engine\light\light.h">
      <Filter>头文件\engine\light</Filter>
    </ClInclude>
    <ClInclude Include="engine\light\Ray.h">
      <Filter>头文件\engine\light</Filter>
    </ClInclude>
    <ClInclude Include="engine\light\RayTracer.h">
      <Filter>头文件\engine\light</Filter>
    </ClInclude>
    <ClInclude Include="math\DGM.h">
      <Filter>头文件\math</Filter>
    </ClInclude>
    <ClInclude Include="imgui\imconfig.h">
      <Filter>imgui</Filter>
    </ClInclude>
    <ClInclude Include="imgui\imgui.h">
      <Filter>imgui</Filter>
    </ClInclude>
    <ClInclude Include="imgui\imgui_impl_glfw.h">
      <Filter>imgui</Filter>
    </ClInclude>
    <ClInclude Include="imgui\imgui_impl_opengl3.h">
      <Filter>imgui</Filter>
    </ClInclude>
    <ClInclude Include="imgui\imgui_internal.h">
      <Filter>imgui</Filter>
    </ClInclude>
    <ClInclude Include="imgui\imstb_rectpack.h">
      <Filter>imgui</Filter>
    </ClInclude>
    <ClInclude Include="imgui\imstb_textedit.h">
      <Filter>imgui</Filter>
    </ClInclude>
    <ClInclude Include="imgui\imstb_truetype.h">
      <Filter>imgui</Filter>
    </ClInclude>
    <ClInclude Include="render\scene.h">
      <Filter>头文件\render</Filter>
    </ClInclude>
    <ClInclude Include="render\mesh.h">
      <Filter>头文件\render</Filter>
    </ClInclude>
  </ItemGroup>
</Project>